
Microsoft Visual Studio Solution File, Format Version 12.00
# Visual Studio Version 17
VisualStudioVersion = 17.1.32228.430
MinimumVisualStudioVersion = 10.0.40219.1
Project("{9A19103F-16F7-4668-BE54-9A1E7A4F7556}") = "01.SingleInheritance", "01.SingleInheritance\01.SingleInheritance.csproj", "{7A706FCD-BC18-433F-9775-445479F3E5FD}"
EndProject
Project("{FAE04EC0-301F-11D3-BF4B-00C04F79EFBC}") = "CustomRandomList", "CustomRandomList\CustomRandomList.csproj", "{03271324-0250-47EB-A466-6ED446EFC25A}"
EndProject
Project("{FAE04EC0-301F-11D3-BF4B-00C04F79EFBC}") = "CustomStack", "CustomStack\CustomStack.csproj", "{7360479F-138F-489E-8C43-EFFFB6938791}"
EndProject
Global
	GlobalSection(SolutionConfigurationPlatforms) = preSolution
		Debug|Any CPU = Debug|Any CPU
		Release|Any CPU = Release|Any CPU
	EndGlobalSection
	GlobalSection(ProjectConfigurationPlatforms) = postSolution
		{7A706FCD-BC18-433F-9775-445479F3E5FD}.Debug|Any CPU.ActiveCfg = Debug|Any CPU
		{7A706FCD-BC18-433F-9775-445479F3E5FD}.Debug|Any CPU.Build.0 = Debug|Any CPU
		{7A706FCD-BC18-433F-9775-445479F3E5FD}.Release|Any CPU.ActiveCfg = Release|Any CPU
		{7A706FCD-BC18-433F-9775-445479F3E5FD}.Release|Any CPU.Build.0 = Release|Any CPU
		{03271324-0250-47EB-A466-6ED446EFC25A}.Debug|Any CPU.ActiveCfg = Debug|Any CPU
		{03271324-0250-47EB-A466-6ED446EFC25A}.Debug|Any CPU.Build.0 = Debug|Any CPU
		{03271324-0250-47EB-A466-6ED446EFC25A}.Release|Any CPU.ActiveCfg = Release|Any CPU
		{03271324-0250-47EB-A466-6ED446EFC25A}.Release|Any CPU.Build.0 = Release|Any CPU
		{7360479F-138F-489E-8C43-EFFFB6938791}.Debug|Any CPU.ActiveCfg = Debug|Any CPU
		{7360479F-138F-489E-8C43-EFFFB6938791}.Debug|Any CPU.Build.0 = Debug|Any CPU
		{7360479F-138F-489E-8C43-EFFFB6938791}.Release|Any CPU.ActiveCfg = Release|Any CPU
		{7360479F-138F-489E-8C43-EFFFB6938791}.Release|Any CPU.Build.0 = Release|Any CPU
	EndGlobalSection
	GlobalSection(SolutionProperties) = preSolution
		HideSolutionNode = FALSE
	EndGlobalSection
	GlobalSection(ExtensibilityGlobals) = postSolution
		SolutionGuid = {43926448-AE12-4FB3-92B3-41886824E388}
	EndGlobalSection
EndGlobal
